# THIS IS AN AUTOGENERATED FILE. DO NOT EDIT THIS FILE DIRECTLY.
# yarn lockfile v1


three@^0.121.1:
  version "0.121.1"
  resolved "https://registry.yarnpkg.com/three/-/three-0.121.1.tgz#fda39cf4701d02be9c3be5c27ccea24b7a1ea59b"
  integrity sha512-+rYhNpW5W1aBdLkPQDld/GA4Sj/uOKJJKVpCAZUbpk/HZEiYRUlPt8+s+9nmxRglWmRHdBa3ERvUwqg4nmoA5w==
